{
  "nodes": {
    "home-manager": {
      "inputs": {
        "nixpkgs": [
          "nixpkgs"
        ]
      },
      "locked": {
        "lastModified": 1764510518,
        "narHash": "sha256-hDFkciyjhjMLRC/qXCREWX1dgq8kopiuJdwXdfVlJuQ=",
        "owner": "nix-community",
        "repo": "home-manager",
        "rev": "83053e1d337f33e0b48250588006e4b9df2f0d9d",
        "type": "github"
      },
      "original": {
        "owner": "nix-community",
        "repo": "home-manager",
        "type": "github"
      }
    },
    "home-manager_2": {
      "inputs": {
        "nixpkgs": [
          "zen-browser",
          "nixpkgs"
        ]
      },
      "locked": {
        "lastModified": 1762964643,
        "narHash": "sha256-RYHN8O/Aja59XDji6WSJZPkJpYVUfpSkyH+PEupBJqM=",
        "owner": "nix-community",
        "repo": "home-manager",
        "rev": "827f2a23373a774a8805f84ca5344654c31f354b",
        "type": "github"
      },
      "original": {
        "owner": "nix-community",
        "repo": "home-manager",
        "type": "github"
      }
    },
    "niri-flake": {
      "inputs": {
        "niri-stable": "niri-stable",
        "niri-unstable": "niri-unstable",
        "nixpkgs": [
          "nixpkgs"
        ],
        "nixpkgs-stable": "nixpkgs-stable",
        "xwayland-satellite-stable": "xwayland-satellite-stable",
        "xwayland-satellite-unstable": "xwayland-satellite-unstable"
      },
      "locked": {
        "lastModified": 1764488513,
        "narHash": "sha256-xBUnv+ndZxRbY9mYSPEP0afaZRUVXDFcJx0WMD4ypfs=",
        "owner": "sodiboo",
        "repo": "niri-flake",
        "rev": "9e3bbd170669d10846bae68d23dabef11832f8f2",
        "type": "github"
      },
      "original": {
        "owner": "sodiboo",
        "repo": "niri-flake",
        "type": "github"
      }
    },
    "niri-stable": {
      "flake": false,
      "locked": {
        "lastModified": 1756556321,
        "narHash": "sha256-RLD89dfjN0RVO86C/Mot0T7aduCygPGaYbog566F0Qo=",
        "owner": "YaLTeR",
        "repo": "niri",
        "rev": "01be0e65f4eb91a9cd624ac0b76aaeab765c7294",
        "type": "github"
      },
      "original": {
        "owner": "YaLTeR",
        "ref": "v25.08",
        "repo": "niri",
        "type": "github"
      }
    },
    "niri-unstable": {
      "flake": false,
      "locked": {
        "lastModified": 1764485473,
        "narHash": "sha256-RlGEcuZFB/IdvYLrYsf0RpgvNtCMyIuBLt3lS+GZvP8=",
        "owner": "YaLTeR",
        "repo": "niri",
        "rev": "311ca6b5da19f5acd7d3e481620de57240ce8f7c",
        "type": "github"
      },
      "original": {
        "owner": "YaLTeR",
        "repo": "niri",
        "type": "github"
      }
    },
    "nixpkgs": {
      "locked": {
        "lastModified": 1764474957,
        "narHash": "sha256-RCNYRb7zHt+qycQwfTD/Zxnbd4Sxi2fgvkeAljtLEOs=",
        "owner": "nixos",
        "repo": "nixpkgs",
        "rev": "890f57fde071de281cd0e950cd80ea3e1ab55e75",
        "type": "github"
      },
      "original": {
        "owner": "nixos",
        "ref": "nixpkgs-unstable",
        "repo": "nixpkgs",
        "type": "github"
      }
    },
    "nixpkgs-stable": {
      "locked": {
        "lastModified": 1764316264,
        "narHash": "sha256-82L+EJU+40+FIdeG4gmUlOF1jeSwlf2AwMarrpdHF6o=",
        "owner": "NixOS",
        "repo": "nixpkgs",
        "rev": "9a7b80b6f82a71ea04270d7ba11b48855681c4b0",
        "type": "github"
      },
      "original": {
        "owner": "NixOS",
        "ref": "nixos-25.05",
        "repo": "nixpkgs",
        "type": "github"
      }
    },
    "nixpkgs-stable_2": {
      "locked": {
        "lastModified": 1764316264,
        "narHash": "sha256-82L+EJU+40+FIdeG4gmUlOF1jeSwlf2AwMarrpdHF6o=",
        "owner": "nixos",
        "repo": "nixpkgs",
        "rev": "9a7b80b6f82a71ea04270d7ba11b48855681c4b0",
        "type": "github"
      },
      "original": {
        "owner": "nixos",
        "ref": "nixos-25.05",
        "repo": "nixpkgs",
        "type": "github"
      }
    },
    "root": {
      "inputs": {
        "home-manager": "home-manager",
        "niri-flake": "niri-flake",
        "nixpkgs": "nixpkgs",
        "nixpkgs-stable": "nixpkgs-stable_2",
        "zen-browser": "zen-browser"
      }
    },
    "xwayland-satellite-stable": {
      "flake": false,
      "locked": {
        "lastModified": 1755491097,
        "narHash": "sha256-m+9tUfsmBeF2Gn4HWa6vSITZ4Gz1eA1F5Kh62B0N4oE=",
        "owner": "Supreeeme",
        "repo": "xwayland-satellite",
        "rev": "388d291e82ffbc73be18169d39470f340707edaa",
        "type": "github"
      },
      "original": {
        "owner": "Supreeeme",
        "ref": "v0.7",
        "repo": "xwayland-satellite",
        "type": "github"
      }
    },
    "xwayland-satellite-unstable": {
      "flake": false,
      "locked": {
        "lastModified": 1764366786,
        "narHash": "sha256-yVCJ4Qe/JkdKDu0DddFdAQgDQVeF12nxH7zv3jtooV4=",
        "owner": "Supreeeme",
        "repo": "xwayland-satellite",
        "rev": "b362a3873710a42f7ac2d8ba03772d8290733934",
        "type": "github"
      },
      "original": {
        "owner": "Supreeeme",
        "repo": "xwayland-satellite",
        "type": "github"
      }
    },
    "zen-browser": {
      "inputs": {
        "home-manager": "home-manager_2",
        "nixpkgs": [
          "nixpkgs"
        ]
      },
      "locked": {
        "lastModified": 1764477257,
        "narHash": "sha256-XfhANt8RZPzOaHUm6ZABX+aNxckZdLVPoxvmnA2mxaU=",
        "owner": "0xc000022070",
        "repo": "zen-browser-flake",
        "rev": "d43d461b467e1025d4daff794adfb6a24c58c320",
        "type": "github"
      },
      "original": {
        "owner": "0xc000022070",
        "repo": "zen-browser-flake",
        "type": "github"
      }
    }
  },
  "root": "root",
  "version": 7
}
